
Microsoft Visual Studio Solution File, Format Version 12.00
# Visual Studio 2013
VisualStudioVersion = 12.0.30501.0
MinimumVisualStudioVersion = 10.0.40219.1
Project("{FAE04EC0-301F-11D3-BF4B-00C04F79EFBC}") = "PhoneCall.Core", "PhoneCall.Core\PhoneCall.Core.csproj", "{07647C6F-7409-4230-977D-5313F7A8D7C2}"
EndProject
Project("{FAE04EC0-301F-11D3-BF4B-00C04F79EFBC}") = "PhoneCall.Core.Tests", "PhoneCall.Core.Tests\PhoneCall.Core.Tests.csproj", "{1DEECC10-9A09-4253-BB43-84D56279AB3C}"
EndProject
Global
	GlobalSection(SolutionConfigurationPlatforms) = preSolution
		Debug|Any CPU = Debug|Any CPU
		Release|Any CPU = Release|Any CPU
	EndGlobalSection
	GlobalSection(ProjectConfigurationPlatforms) = postSolution
		{07647C6F-7409-4230-977D-5313F7A8D7C2}.Debug|Any CPU.ActiveCfg = Debug|Any CPU
		{07647C6F-7409-4230-977D-5313F7A8D7C2}.Debug|Any CPU.Build.0 = Debug|Any CPU
		{07647C6F-7409-4230-977D-5313F7A8D7C2}.Release|Any CPU.ActiveCfg = Release|Any CPU
		{07647C6F-7409-4230-977D-5313F7A8D7C2}.Release|Any CPU.Build.0 = Release|Any CPU
		{1DEECC10-9A09-4253-BB43-84D56279AB3C}.Debug|Any CPU.ActiveCfg = Debug|Any CPU
		{1DEECC10-9A09-4253-BB43-84D56279AB3C}.Debug|Any CPU.Build.0 = Debug|Any CPU
		{1DEECC10-9A09-4253-BB43-84D56279AB3C}.Release|Any CPU.ActiveCfg = Release|Any CPU
		{1DEECC10-9A09-4253-BB43-84D56279AB3C}.Release|Any CPU.Build.0 = Release|Any CPU
	EndGlobalSection
	GlobalSection(SolutionProperties) = preSolution
		HideSolutionNode = FALSE
	EndGlobalSection
EndGlobal
